// !$*UTF8*$!
{
	archiveVersion = 1;
	classes = {
	};
	objectVersion = 56;
	objects = {

/* Begin PBXBuildFile section */
		FB29D29C2BA9EFDC00D1F0C6 /* LandmarksApp.swift in Sources */ = {isa = PBXBuildFile; fileRef = FB29D29B2BA9EFDC00D1F0C6 /* LandmarksApp.swift */; };
		FB29D29E2BA9EFDC00D1F0C6 /* ContentView.swift in Sources */ = {isa = PBXBuildFile; fileRef = FB29D29D2BA9EFDC00D1F0C6 /* ContentView.swift */; };
		FB29D2A02BA9EFDD00D1F0C6 /* Assets.xcassets in Resources */ = {isa = PBXBuildFile; fileRef = FB29D29F2BA9EFDD00D1F0C6 /* Assets.xcassets */; };
		FB29D2A32BA9EFDD00D1F0C6 /* Preview Assets.xcassets in Resources */ = {isa = PBXBuildFile; fileRef = FB29D2A22BA9EFDD00D1F0C6 /* Preview Assets.xcassets */; };
		FB29D2AC2BA9F6C300D1F0C6 /* CircleImage.swift in Sources */ = {isa = PBXBuildFile; fileRef = FB29D2AB2BA9F6C300D1F0C6 /* CircleImage.swift */; };
		FB29D2AE2BA9F8DA00D1F0C6 /* MapView.swift in Sources */ = {isa = PBXBuildFile; fileRef = FB29D2AD2BA9F8DA00D1F0C6 /* MapView.swift */; };
		FB29D2B02BAA05ED00D1F0C6 /* landmarkData.json in Resources */ = {isa = PBXBuildFile; fileRef = FB29D2AF2BAA05ED00D1F0C6 /* landmarkData.json */; };
		FB29D2B22BAA064000D1F0C6 /* Landmark.swift in Sources */ = {isa = PBXBuildFile; fileRef = FB29D2B12BAA064000D1F0C6 /* Landmark.swift */; };
		FB29D2B42BAA0FA500D1F0C6 /* ModelData.swift in Sources */ = {isa = PBXBuildFile; fileRef = FB29D2B32BAA0FA500D1F0C6 /* ModelData.swift */; };
		FB29D2B92BAA13CD00D1F0C6 /* LandmarkRow.swift in Sources */ = {isa = PBXBuildFile; fileRef = FB29D2B82BAA13CD00D1F0C6 /* LandmarkRow.swift */; };
		FBACCFF22BAB35D70079801D /* LandmarkList.swift in Sources */ = {isa = PBXBuildFile; fileRef = FBACCFF12BAB35D70079801D /* LandmarkList.swift */; };
		FBACCFF42BAB372A0079801D /* LandmarkDetail.swift in Sources */ = {isa = PBXBuildFile; fileRef = FBACCFF32BAB372A0079801D /* LandmarkDetail.swift */; };
		FBFB8F8A2BAB44A80097D6A6 /* FavoriteButton.swift in Sources */ = {isa = PBXBuildFile; fileRef = FBFB8F892BAB44A80097D6A6 /* FavoriteButton.swift */; };
/* End PBXBuildFile section */

/* Begin PBXFileReference section */
		FB29D2982BA9EFDC00D1F0C6 /* Landmarks.app */ = {isa = PBXFileReference; explicitFileType = wrapper.application; includeInIndex = 0; path = Landmarks.app; sourceTree = BUILT_PRODUCTS_DIR; };
		FB29D29B2BA9EFDC00D1F0C6 /* LandmarksApp.swift */ = {isa = PBXFileReference; lastKnownFileType = sourcecode.swift; path = LandmarksApp.swift; sourceTree = "<group>"; };
		FB29D29D2BA9EFDC00D1F0C6 /* ContentView.swift */ = {isa = PBXFileReference; lastKnownFileType = sourcecode.swift; path = ContentView.swift; sourceTree = "<group>"; };
		FB29D29F2BA9EFDD00D1F0C6 /* Assets.xcassets */ = {isa = PBXFileReference; lastKnownFileType = folder.assetcatalog; path = Assets.xcassets; sourceTree = "<group>"; };
		FB29D2A22BA9EFDD00D1F0C6 /* Preview Assets.xcassets */ = {isa = PBXFileReference; lastKnownFileType = folder.assetcatalog; path = "Preview Assets.xcassets"; sourceTree = "<group>"; };
		FB29D2AB2BA9F6C300D1F0C6 /* CircleImage.swift */ = {isa = PBXFileReference; lastKnownFileType = sourcecode.swift; path = CircleImage.swift; sourceTree = "<group>"; };
		FB29D2AD2BA9F8DA00D1F0C6 /* MapView.swift */ = {isa = PBXFileReference; lastKnownFileType = sourcecode.swift; path = MapView.swift; sourceTree = "<group>"; };
		FB29D2AF2BAA05ED00D1F0C6 /* landmarkData.json */ = {isa = PBXFileReference; fileEncoding = 4; lastKnownFileType = text.json; path = landmarkData.json; sourceTree = "<group>"; };
		FB29D2B12BAA064000D1F0C6 /* Landmark.swift */ = {isa = PBXFileReference; lastKnownFileType = sourcecode.swift; path = Landmark.swift; sourceTree = "<group>"; };
		FB29D2B32BAA0FA500D1F0C6 /* ModelData.swift */ = {isa = PBXFileReference; lastKnownFileType = sourcecode.swift; path = ModelData.swift; sourceTree = "<group>"; };
		FB29D2B82BAA13CD00D1F0C6 /* LandmarkRow.swift */ = {isa = PBXFileReference; lastKnownFileType = sourcecode.swift; path = LandmarkRow.swift; sourceTree = "<group>"; };
		FBACCFF12BAB35D70079801D /* LandmarkList.swift */ = {isa = PBXFileReference; lastKnownFileType = sourcecode.swift; path = LandmarkList.swift; sourceTree = "<group>"; };
		FBACCFF32BAB372A0079801D /* LandmarkDetail.swift */ = {isa = PBXFileReference; lastKnownFileType = sourcecode.swift; path = LandmarkDetail.swift; sourceTree = "<group>"; };
		FBFB8F892BAB44A80097D6A6 /* FavoriteButton.swift */ = {isa = PBXFileReference; lastKnownFileType = sourcecode.swift; path = FavoriteButton.swift; sourceTree = "<group>"; };
/* End PBXFileReference section */

/* Begin PBXFrameworksBuildPhase section */
		FB29D2952BA9EFDC00D1F0C6 /* Frameworks */ = {
			isa = PBXFrameworksBuildPhase;
			buildActionMask = 2147483647;
			files = (
			);
			runOnlyForDeploymentPostprocessing = 0;
		};
/* End PBXFrameworksBuildPhase section */

/* Begin PBXGroup section */
		FB29D28F2BA9EFDC00D1F0C6 = {
			isa = PBXGroup;
			children = (
				FB29D29A2BA9EFDC00D1F0C6 /* Landmarks */,
				FB29D2992BA9EFDC00D1F0C6 /* Products */,
			);
			sourceTree = "<group>";
		};
		FB29D2992BA9EFDC00D1F0C6 /* Products */ = {
			isa = PBXGroup;
			children = (
				FB29D2982BA9EFDC00D1F0C6 /* Landmarks.app */,
			);
			name = Products;
			sourceTree = "<group>";
		};
		FB29D29A2BA9EFDC00D1F0C6 /* Landmarks */ = {
			isa = PBXGroup;
			children = (
				FB29D29B2BA9EFDC00D1F0C6 /* LandmarksApp.swift */,
				FB29D2B52BAA12A200D1F0C6 /* Views */,
				FB29D2B62BAA12D700D1F0C6 /* Models  */,
				FB29D2B72BAA132100D1F0C6 /* Resources */,
				FB29D29F2BA9EFDD00D1F0C6 /* Assets.xcassets */,
				FB29D2A12BA9EFDD00D1F0C6 /* Preview Content */,
			);
			path = Landmarks;
			sourceTree = "<group>";
		};
		FB29D2A12BA9EFDD00D1F0C6 /* Preview Content */ = {
			isa = PBXGroup;
			children = (
				FB29D2A22BA9EFDD00D1F0C6 /* Preview Assets.xcassets */,
			);
			path = "Preview Content";
			sourceTree = "<group>";
		};
		FB29D2B52BAA12A200D1F0C6 /* Views */ = {
			isa = PBXGroup;
			children = (
				FBF652612BAB463A00F7AD90 /* Helper */,
				FBF652602BAB461500F7AD90 /* Landmarks */,
				FB29D29D2BA9EFDC00D1F0C6 /* ContentView.swift */,
			);
			path = Views;
			sourceTree = "<group>";
		};
		FB29D2B62BAA12D700D1F0C6 /* Models  */ = {
			isa = PBXGroup;
			children = (
				FB29D2B12BAA064000D1F0C6 /* Landmark.swift */,
				FB29D2B32BAA0FA500D1F0C6 /* ModelData.swift */,
			);
			path = "Models ";
			sourceTree = "<group>";
		};
		FB29D2B72BAA132100D1F0C6 /* Resources */ = {
			isa = PBXGroup;
			children = (
				FB29D2AF2BAA05ED00D1F0C6 /* landmarkData.json */,
			);
			path = Resources;
			sourceTree = "<group>";
		};
		FBF652602BAB461500F7AD90 /* Landmarks */ = {
			isa = PBXGroup;
			children = (
				FBACCFF32BAB372A0079801D /* LandmarkDetail.swift */,
				FBACCFF12BAB35D70079801D /* LandmarkList.swift */,
				FB29D2B82BAA13CD00D1F0C6 /* LandmarkRow.swift */,
			);
			path = Landmarks;
			sourceTree = "<group>";
		};
		FBF652612BAB463A00F7AD90 /* Helper */ = {
			isa = PBXGroup;
			children = (
				FBFB8F892BAB44A80097D6A6 /* FavoriteButton.swift */,
				FB29D2AB2BA9F6C300D1F0C6 /* CircleImage.swift */,
				FB29D2AD2BA9F8DA00D1F0C6 /* MapView.swift */,
			);
			path = Helper;
			sourceTree = "<group>";
		};
/* End PBXGroup section */

/* Begin PBXNativeTarget section */
		FB29D2972BA9EFDC00D1F0C6 /* Landmarks */ = {
			isa = PBXNativeTarget;
			buildConfigurationList = FB29D2A62BA9EFDD00D1F0C6 /* Build configuration list for PBXNativeTarget "Landmarks" */;
			buildPhases = (
				FB29D2942BA9EFDC00D1F0C6 /* Sources */,
				FB29D2952BA9EFDC00D1F0C6 /* Frameworks */,
				FB29D2962BA9EFDC00D1F0C6 /* Resources */,
			);
			buildRules = (
			);
			dependencies = (
			);
			name = Landmarks;
			productName = Landmarks;
			productReference = FB29D2982BA9EFDC00D1F0C6 /* Landmarks.app */;
			productType = "com.apple.product-type.application";
		};
/* End PBXNativeTarget section */

/* Begin PBXProject section */
		FB29D2902BA9EFDC00D1F0C6 /* Project object */ = {
			isa = PBXProject;
			attributes = {
				BuildIndependentTargetsInParallel = 1;
				LastSwiftUpdateCheck = 1520;
				LastUpgradeCheck = 1520;
				TargetAttributes = {
					FB29D2972BA9EFDC00D1F0C6 = {
						CreatedOnToolsVersion = 15.2;
					};
				};
			};
			buildConfigurationList = FB29D2932BA9EFDC00D1F0C6 /* Build configuration list for PBXProject "Landmarks" */;
			compatibilityVersion = "Xcode 14.0";
			developmentRegion = en;
			hasScannedForEncodings = 0;
			knownRegions = (
				en,
				Base,
			);
			mainGroup = FB29D28F2BA9EFDC00D1F0C6;
			productRefGroup = FB29D2992BA9EFDC00D1F0C6 /* Products */;
			projectDirPath = "";
			projectRoot = "";
			targets = (
				FB29D2972BA9EFDC00D1F0C6 /* Landmarks */,
			);
		};
/* End PBXProject section */

/* Begin PBXResourcesBuildPhase section */
		FB29D2962BA9EFDC00D1F0C6 /* Resources */ = {
			isa = PBXResourcesBuildPhase;
			buildActionMask = 2147483647;
			files = (
				FB29D2A32BA9EFDD00D1F0C6 /* Preview Assets.xcassets in Resources */,
				FB29D2A02BA9EFDD00D1F0C6 /* Assets.xcassets in Resources */,
				FB29D2B02BAA05ED00D1F0C6 /* landmarkData.json in Resources */,
			);
			runOnlyForDeploymentPostprocessing = 0;
		};
/* End PBXResourcesBuildPhase section */

/* Begin PBXSourcesBuildPhase section */
		FB29D2942BA9EFDC00D1F0C6 /* Sources */ = {
			isa = PBXSourcesBuildPhase;
			buildActionMask = 2147483647;
			files = (
				FB29D29E2BA9EFDC00D1F0C6 /* ContentView.swift in Sources */,
				FB29D2AE2BA9F8DA00D1F0C6 /* MapView.swift in Sources */,
				FB29D29C2BA9EFDC00D1F0C6 /* LandmarksApp.swift in Sources */,
				FBFB8F8A2BAB44A80097D6A6 /* FavoriteButton.swift in Sources */,
				FBACCFF22BAB35D70079801D /* LandmarkList.swift in Sources */,
				FBACCFF42BAB372A0079801D /* LandmarkDetail.swift in Sources */,
				FB29D2AC2BA9F6C300D1F0C6 /* CircleImage.swift in Sources */,
				FB29D2B22BAA064000D1F0C6 /* Landmark.swift in Sources */,
				FB29D2B92BAA13CD00D1F0C6 /* LandmarkRow.swift in Sources */,
				FB29D2B42BAA0FA500D1F0C6 /* ModelData.swift in Sources */,
			);
			runOnlyForDeploymentPostprocessing = 0;
		};
/* End PBXSourcesBuildPhase section */

/* Begin XCBuildConfiguration section */
		FB29D2A42BA9EFDD00D1F0C6 /* Debug */ = {
			isa = XCBuildConfiguration;
			buildSettings = {
				ALWAYS_SEARCH_USER_PATHS = NO;
				ASSETCATALOG_COMPILER_GENERATE_SWIFT_ASSET_SYMBOL_EXTENSIONS = YES;
				CLANG_ANALYZER_NONNULL = YES;
				CLANG_ANALYZER_NUMBER_OBJECT_CONVERSION = YES_AGGRESSIVE;
				CLANG_CXX_LANGUAGE_STANDARD = "gnu++20";
				CLANG_ENABLE_MODULES = YES;
				CLANG_ENABLE_OBJC_ARC = YES;
				CLANG_ENABLE_OBJC_WEAK = YES;
				CLANG_WARN_BLOCK_CAPTURE_AUTORELEASING = YES;
				CLANG_WARN_BOOL_CONVERSION = YES;
				CLANG_WARN_COMMA = YES;
				CLANG_WARN_CONSTANT_CONVERSION = YES;
				CLANG_WARN_DEPRECATED_OBJC_IMPLEMENTATIONS = YES;
				CLANG_WARN_DIRECT_OBJC_ISA_USAGE = YES_ERROR;
				CLANG_WARN_DOCUMENTATION_COMMENTS = YES;
				CLANG_WARN_EMPTY_BODY = YES;
				CLANG_WARN_ENUM_CONVERSION = YES;
				CLANG_WARN_INFINITE_RECURSION = YES;
				CLANG_WARN_INT_CONVERSION = YES;
				CLANG_WARN_NON_LITERAL_NULL_CONVERSION = YES;
				CLANG_WARN_OBJC_IMPLICIT_RETAIN_SELF = YES;
				CLANG_WARN_OBJC_LITERAL_CONVERSION = YES;
				CLANG_WARN_OBJC_ROOT_CLASS = YES_ERROR;
				CLANG_WARN_QUOTED_INCLUDE_IN_FRAMEWORK_HEADER = YES;
				CLANG_WARN_RANGE_LOOP_ANALYSIS = YES;
				CLANG_WARN_STRICT_PROTOTYPES = YES;
				CLANG_WARN_SUSPICIOUS_MOVE = YES;
				CLANG_WARN_UNGUARDED_AVAILABILITY = YES_AGGRESSIVE;
				CLANG_WARN_UNREACHABLE_CODE = YES;
				CLANG_WARN__DUPLICATE_METHOD_MATCH = YES;
				COPY_PHASE_STRIP = NO;
				DEBUG_INFORMATION_FORMAT = dwarf;
				ENABLE_STRICT_OBJC_MSGSEND = YES;
				ENABLE_TESTABILITY = YES;
				ENABLE_USER_SCRIPT_SANDBOXING = YES;
				GCC_C_LANGUAGE_STANDARD = gnu17;
				GCC_DYNAMIC_NO_PIC = NO;
				GCC_NO_COMMON_BLOCKS = YES;
				GCC_OPTIMIZATION_LEVEL = 0;
				GCC_PREPROCESSOR_DEFINITIONS = (
					"DEBUG=1",
					"$(inherited)",
				);
				GCC_WARN_64_TO_32_BIT_CONVERSION = YES;
				GCC_WARN_ABOUT_RETURN_TYPE = YES_ERROR;
				GCC_WARN_UNDECLARED_SELECTOR = YES;
				GCC_WARN_UNINITIALIZED_AUTOS = YES_AGGRESSIVE;
				GCC_WARN_UNUSED_FUNCTION = YES;
				GCC_WARN_UNUSED_VARIABLE = YES;
				IPHONEOS_DEPLOYMENT_TARGET = 17.2;
				LOCALIZATION_PREFERS_STRING_CATALOGS = YES;
				MTL_ENABLE_DEBUG_INFO = INCLUDE_SOURCE;
				MTL_FAST_MATH = YES;
				ONLY_ACTIVE_ARCH = YES;
				SDKROOT = iphoneos;
				SWIFT_ACTIVE_COMPILATION_CONDITIONS = "DEBUG $(inherited)";
				SWIFT_OPTIMIZATION_LEVEL = "-Onone";
			};
			name = Debug;
		};
		FB29D2A52BA9EFDD00D1F0C6 /* Release */ = {
			isa = XCBuildConfiguration;
			buildSettings = {
				ALWAYS_SEARCH_USER_PATHS = NO;
				ASSETCATALOG_COMPILER_GENERATE_SWIFT_ASSET_SYMBOL_EXTENSIONS = YES;
				CLANG_ANALYZER_NONNULL = YES;
				CLANG_ANALYZER_NUMBER_OBJECT_CONVERSION = YES_AGGRESSIVE;
				CLANG_CXX_LANGUAGE_STANDARD = "gnu++20";
				CLANG_ENABLE_MODULES = YES;
				CLANG_ENABLE_OBJC_ARC = YES;
				CLANG_ENABLE_OBJC_WEAK = YES;
				CLANG_WARN_BLOCK_CAPTURE_AUTORELEASING = YES;
				CLANG_WARN_BOOL_CONVERSION = YES;
				CLANG_WARN_COMMA = YES;
				CLANG_WARN_CONSTANT_CONVERSION = YES;
				CLANG_WARN_DEPRECATED_OBJC_IMPLEMENTATIONS = YES;
				CLANG_WARN_DIRECT_OBJC_ISA_USAGE = YES_ERROR;
				CLANG_WARN_DOCUMENTATION_COMMENTS = YES;
				CLANG_WARN_EMPTY_BODY = YES;
				CLANG_WARN_ENUM_CONVERSION = YES;
				CLANG_WARN_INFINITE_RECURSION = YES;
				CLANG_WARN_INT_CONVERSION = YES;
				CLANG_WARN_NON_LITERAL_NULL_CONVERSION = YES;
				CLANG_WARN_OBJC_IMPLICIT_RETAIN_SELF = YES;
				CLANG_WARN_OBJC_LITERAL_CONVERSION = YES;
				CLANG_WARN_OBJC_ROOT_CLASS = YES_ERROR;
				CLANG_WARN_QUOTED_INCLUDE_IN_FRAMEWORK_HEADER = YES;
				CLANG_WARN_RANGE_LOOP_ANALYSIS = YES;
				CLANG_WARN_STRICT_PROTOTYPES = YES;
				CLANG_WARN_SUSPICIOUS_MOVE = YES;
				CLANG_WARN_UNGUARDED_AVAILABILITY = YES_AGGRESSIVE;
				CLANG_WARN_UNREACHABLE_CODE = YES;
				CLANG_WARN__DUPLICATE_METHOD_MATCH = YES;
				COPY_PHASE_STRIP = NO;
				DEBUG_INFORMATION_FORMAT = "dwarf-with-dsym";
				ENABLE_NS_ASSERTIONS = NO;
				ENABLE_STRICT_OBJC_MSGSEND = YES;
				ENABLE_USER_SCRIPT_SANDBOXING = YES;
				GCC_C_LANGUAGE_STANDARD = gnu17;
				GCC_NO_COMMON_BLOCKS = YES;
				GCC_WARN_64_TO_32_BIT_CONVERSION = YES;
				GCC_WARN_ABOUT_RETURN_TYPE = YES_ERROR;
				GCC_WARN_UNDECLARED_SELECTOR = YES;
				GCC_WARN_UNINITIALIZED_AUTOS = YES_AGGRESSIVE;
				GCC_WARN_UNUSED_FUNCTION = YES;
				GCC_WARN_UNUSED_VARIABLE = YES;
				IPHONEOS_DEPLOYMENT_TARGET = 17.2;
				LOCALIZATION_PREFERS_STRING_CATALOGS = YES;
				MTL_ENABLE_DEBUG_INFO = NO;
				MTL_FAST_MATH = YES;
				SDKROOT = iphoneos;
				SWIFT_COMPILATION_MODE = wholemodule;
				VALIDATE_PRODUCT = YES;
			};
			name = Release;
		};
		FB29D2A72BA9EFDD00D1F0C6 /* Debug */ = {
			isa = XCBuildConfiguration;
			buildSettings = {
				ASSETCATALOG_COMPILER_APPICON_NAME = AppIcon;
				ASSETCATALOG_COMPILER_GLOBAL_ACCENT_COLOR_NAME = AccentColor;
				CODE_SIGN_STYLE = Automatic;
				CURRENT_PROJECT_VERSION = 1;
				DEVELOPMENT_ASSET_PATHS = "\"Landmarks/Preview Content\"";
				ENABLE_PREVIEWS = YES;
				GENERATE_INFOPLIST_FILE = YES;
				INFOPLIST_KEY_UIApplicationSceneManifest_Generation = YES;
				INFOPLIST_KEY_UIApplicationSupportsIndirectInputEvents = YES;
				INFOPLIST_KEY_UILaunchScreen_Generation = YES;
				INFOPLIST_KEY_UISupportedInterfaceOrientations_iPad = "UIInterfaceOrientationPortrait UIInterfaceOrientationPortraitUpsideDown UIInterfaceOrientationLandscapeLeft UIInterfaceOrientationLandscapeRight";
				INFOPLIST_KEY_UISupportedInterfaceOrientations_iPhone = "UIInterfaceOrientationPortrait UIInterfaceOrientationLandscapeLeft UIInterfaceOrientationLandscapeRight";
				LD_RUNPATH_SEARCH_PATHS = (
					"$(inherited)",
					"@executable_path/Frameworks",
				);
				MARKETING_VERSION = 1.0;
				PRODUCT_BUNDLE_IDENTIFIER = mx.tec.Landmarks;
				PRODUCT_NAME = "$(TARGET_NAME)";
				SWIFT_EMIT_LOC_STRINGS = YES;
				SWIFT_VERSION = 5.0;
				TARGETED_DEVICE_FAMILY = "1,2";
			};
			name = Debug;
		};
		FB29D2A82BA9EFDD00D1F0C6 /* Release */ = {
			isa = XCBuildConfiguration;
			buildSettings = {
				ASSETCATALOG_COMPILER_APPICON_NAME = AppIcon;
				ASSETCATALOG_COMPILER_GLOBAL_ACCENT_COLOR_NAME = AccentColor;
				CODE_SIGN_STYLE = Automatic;
				CURRENT_PROJECT_VERSION = 1;
				DEVELOPMENT_ASSET_PATHS = "\"Landmarks/Preview Content\"";
				ENABLE_PREVIEWS = YES;
				GENERATE_INFOPLIST_FILE = YES;
				INFOPLIST_KEY_UIApplicationSceneManifest_Generation = YES;
				INFOPLIST_KEY_UIApplicationSupportsIndirectInputEvents = YES;
				INFOPLIST_KEY_UILaunchScreen_Generation = YES;
				INFOPLIST_KEY_UISupportedInterfaceOrientations_iPad = "UIInterfaceOrientationPortrait UIInterfaceOrientationPortraitUpsideDown UIInterfaceOrientationLandscapeLeft UIInterfaceOrientationLandscapeRight";
				INFOPLIST_KEY_UISupportedInterfaceOrientations_iPhone = "UIInterfaceOrientationPortrait UIInterfaceOrientationLandscapeLeft UIInterfaceOrientationLandscapeRight";
				LD_RUNPATH_SEARCH_PATHS = (
					"$(inherited)",
					"@executable_path/Frameworks",
				);
				MARKETING_VERSION = 1.0;
				PRODUCT_BUNDLE_IDENTIFIER = mx.tec.Landmarks;
				PRODUCT_NAME = "$(TARGET_NAME)";
				SWIFT_EMIT_LOC_STRINGS = YES;
				SWIFT_VERSION = 5.0;
				TARGETED_DEVICE_FAMILY = "1,2";
			};
			name = Release;
		};
/* End XCBuildConfiguration section */

/* Begin XCConfigurationList section */
		FB29D2932BA9EFDC00D1F0C6 /* Build configuration list for PBXProject "Landmarks" */ = {
			isa = XCConfigurationList;
			buildConfigurations = (
				FB29D2A42BA9EFDD00D1F0C6 /* Debug */,
				FB29D2A52BA9EFDD00D1F0C6 /* Release */,
			);
			defaultConfigurationIsVisible = 0;
			defaultConfigurationName = Release;
		};
		FB29D2A62BA9EFDD00D1F0C6 /* Build configuration list for PBXNativeTarget "Landmarks" */ = {
			isa = XCConfigurationList;
			buildConfigurations = (
				FB29D2A72BA9EFDD00D1F0C6 /* Debug */,
				FB29D2A82BA9EFDD00D1F0C6 /* Release */,
			);
			defaultConfigurationIsVisible = 0;
			defaultConfigurationName = Release;
		};
/* End XCConfigurationList section */
	};
	rootObject = FB29D2902BA9EFDC00D1F0C6 /* Project object */;
}
